// !$*UTF8*$!
{
	archiveVersion = 1;
	classes = {
	};
	objectVersion = 50;
	objects = {

/* Begin PBXBuildFile section */
		77699192247825BE00C3FEE7 /* AppDelegate.swift in Sources */ = {isa = PBXBuildFile; fileRef = 77699191247825BE00C3FEE7 /* AppDelegate.swift */; };
		77699194247825BE00C3FEE7 /* SceneDelegate.swift in Sources */ = {isa = PBXBuildFile; fileRef = 77699193247825BE00C3FEE7 /* SceneDelegate.swift */; };
		77699199247825BE00C3FEE7 /* Main.storyboard in Resources */ = {isa = PBXBuildFile; fileRef = 77699197247825BE00C3FEE7 /* Main.storyboard */; };
		7769919B247825BF00C3FEE7 /* Assets.xcassets in Resources */ = {isa = PBXBuildFile; fileRef = 7769919A247825BF00C3FEE7 /* Assets.xcassets */; };
		7769919E247825BF00C3FEE7 /* LaunchScreen.storyboard in Resources */ = {isa = PBXBuildFile; fileRef = 7769919C247825BF00C3FEE7 /* LaunchScreen.storyboard */; };
		776991AD24782EF900C3FEE7 /* HomeViewController.swift in Sources */ = {isa = PBXBuildFile; fileRef = 776991AC24782EF900C3FEE7 /* HomeViewController.swift */; };
		776991AF24782F0100C3FEE7 /* LogInViewController.swift in Sources */ = {isa = PBXBuildFile; fileRef = 776991AE24782F0100C3FEE7 /* LogInViewController.swift */; };
		776991B124782F0A00C3FEE7 /* SignUpViewController.swift in Sources */ = {isa = PBXBuildFile; fileRef = 776991B024782F0A00C3FEE7 /* SignUpViewController.swift */; };
		776991B324782F1000C3FEE7 /* ViewController.swift in Sources */ = {isa = PBXBuildFile; fileRef = 776991B224782F1000C3FEE7 /* ViewController.swift */; };
		776991B62478317800C3FEE7 /* Helpers.swift in Sources */ = {isa = PBXBuildFile; fileRef = 776991B52478317800C3FEE7 /* Helpers.swift */; };
/* End PBXBuildFile section */

/* Begin PBXFileReference section */
		7769918E247825BE00C3FEE7 /* Direct iOS.app */ = {isa = PBXFileReference; explicitFileType = wrapper.application; includeInIndex = 0; path = "Direct iOS.app"; sourceTree = BUILT_PRODUCTS_DIR; };
		77699191247825BE00C3FEE7 /* AppDelegate.swift */ = {isa = PBXFileReference; lastKnownFileType = sourcecode.swift; path = AppDelegate.swift; sourceTree = "<group>"; };
		77699193247825BE00C3FEE7 /* SceneDelegate.swift */ = {isa = PBXFileReference; lastKnownFileType = sourcecode.swift; path = SceneDelegate.swift; sourceTree = "<group>"; };
		77699198247825BE00C3FEE7 /* Base */ = {isa = PBXFileReference; lastKnownFileType = file.storyboard; name = Base; path = Base.lproj/Main.storyboard; sourceTree = "<group>"; };
		7769919A247825BF00C3FEE7 /* Assets.xcassets */ = {isa = PBXFileReference; lastKnownFileType = folder.assetcatalog; path = Assets.xcassets; sourceTree = "<group>"; };
		7769919D247825BF00C3FEE7 /* Base */ = {isa = PBXFileReference; lastKnownFileType = file.storyboard; name = Base; path = Base.lproj/LaunchScreen.storyboard; sourceTree = "<group>"; };
		7769919F247825BF00C3FEE7 /* Info.plist */ = {isa = PBXFileReference; lastKnownFileType = text.plist.xml; path = Info.plist; sourceTree = "<group>"; };
		776991AC24782EF900C3FEE7 /* HomeViewController.swift */ = {isa = PBXFileReference; fileEncoding = 4; lastKnownFileType = sourcecode.swift; path = HomeViewController.swift; sourceTree = "<group>"; };
		776991AE24782F0100C3FEE7 /* LogInViewController.swift */ = {isa = PBXFileReference; fileEncoding = 4; lastKnownFileType = sourcecode.swift; path = LogInViewController.swift; sourceTree = "<group>"; };
		776991B024782F0A00C3FEE7 /* SignUpViewController.swift */ = {isa = PBXFileReference; fileEncoding = 4; lastKnownFileType = sourcecode.swift; path = SignUpViewController.swift; sourceTree = "<group>"; };
		776991B224782F1000C3FEE7 /* ViewController.swift */ = {isa = PBXFileReference; fileEncoding = 4; lastKnownFileType = sourcecode.swift; path = ViewController.swift; sourceTree = "<group>"; };
		776991B52478317800C3FEE7 /* Helpers.swift */ = {isa = PBXFileReference; lastKnownFileType = sourcecode.swift; path = Helpers.swift; sourceTree = "<group>"; };
/* End PBXFileReference section */

/* Begin PBXFrameworksBuildPhase section */
		7769918B247825BE00C3FEE7 /* Frameworks */ = {
			isa = PBXFrameworksBuildPhase;
			buildActionMask = 2147483647;
			files = (
			);
			runOnlyForDeploymentPostprocessing = 0;
		};
/* End PBXFrameworksBuildPhase section */

/* Begin PBXGroup section */
		77699185247825BE00C3FEE7 = {
			isa = PBXGroup;
			children = (
				77699190247825BE00C3FEE7 /* Direct iOS */,
				7769918F247825BE00C3FEE7 /* Products */,
			);
			sourceTree = "<group>";
		};
		7769918F247825BE00C3FEE7 /* Products */ = {
			isa = PBXGroup;
			children = (
				7769918E247825BE00C3FEE7 /* Direct iOS.app */,
			);
			name = Products;
			sourceTree = "<group>";
		};
		77699190247825BE00C3FEE7 /* Direct iOS */ = {
			isa = PBXGroup;
			children = (
				776991B42478316200C3FEE7 /* Helper */,
				776991AB24782CD900C3FEE7 /* ViewController */,
				77699191247825BE00C3FEE7 /* AppDelegate.swift */,
				77699193247825BE00C3FEE7 /* SceneDelegate.swift */,
				77699197247825BE00C3FEE7 /* Main.storyboard */,
				7769919A247825BF00C3FEE7 /* Assets.xcassets */,
				7769919C247825BF00C3FEE7 /* LaunchScreen.storyboard */,
				7769919F247825BF00C3FEE7 /* Info.plist */,
			);
			path = "Direct iOS";
			sourceTree = "<group>";
		};
		776991AB24782CD900C3FEE7 /* ViewController */ = {
			isa = PBXGroup;
			children = (
				776991B224782F1000C3FEE7 /* ViewController.swift */,
				776991B024782F0A00C3FEE7 /* SignUpViewController.swift */,
				776991AE24782F0100C3FEE7 /* LogInViewController.swift */,
				776991AC24782EF900C3FEE7 /* HomeViewController.swift */,
			);
			path = ViewController;
			sourceTree = "<group>";
		};
		776991B42478316200C3FEE7 /* Helper */ = {
			isa = PBXGroup;
			children = (
				776991B52478317800C3FEE7 /* Helpers.swift */,
			);
			path = Helper;
			sourceTree = "<group>";
		};
/* End PBXGroup section */

/* Begin PBXNativeTarget section */
		7769918D247825BE00C3FEE7 /* Direct iOS */ = {
			isa = PBXNativeTarget;
			buildConfigurationList = 776991A2247825BF00C3FEE7 /* Build configuration list for PBXNativeTarget "Direct iOS" */;
			buildPhases = (
				7769918A247825BE00C3FEE7 /* Sources */,
				7769918B247825BE00C3FEE7 /* Frameworks */,
				7769918C247825BE00C3FEE7 /* Resources */,
			);
			buildRules = (
			);
			dependencies = (
			);
			name = "Direct iOS";
			productName = "Direct iOS";
			productReference = 7769918E247825BE00C3FEE7 /* Direct iOS.app */;
			productType = "com.apple.product-type.application";
		};
/* End PBXNativeTarget section */

/* Begin PBXProject section */
		77699186247825BE00C3FEE7 /* Project object */ = {
			isa = PBXProject;
			attributes = {
				LastSwiftUpdateCheck = 1130;
				LastUpgradeCheck = 1130;
				ORGANIZATIONNAME = "Victor Shijie Wu";
				TargetAttributes = {
					7769918D247825BE00C3FEE7 = {
						CreatedOnToolsVersion = 11.3.1;
					};
				};
			};
			buildConfigurationList = 77699189247825BE00C3FEE7 /* Build configuration list for PBXProject "Direct iOS" */;
			compatibilityVersion = "Xcode 9.3";
			developmentRegion = en;
			hasScannedForEncodings = 0;
			knownRegions = (
				en,
				Base,
			);
			mainGroup = 77699185247825BE00C3FEE7;
			productRefGroup = 7769918F247825BE00C3FEE7 /* Products */;
			projectDirPath = "";
			projectRoot = "";
			targets = (
				7769918D247825BE00C3FEE7 /* Direct iOS */,
			);
		};
/* End PBXProject section */

/* Begin PBXResourcesBuildPhase section */
		7769918C247825BE00C3FEE7 /* Resources */ = {
			isa = PBXResourcesBuildPhase;
			buildActionMask = 2147483647;
			files = (
				7769919E247825BF00C3FEE7 /* LaunchScreen.storyboard in Resources */,
				7769919B247825BF00C3FEE7 /* Assets.xcassets in Resources */,
				77699199247825BE00C3FEE7 /* Main.storyboard in Resources */,
			);
			runOnlyForDeploymentPostprocessing = 0;
		};
/* End PBXResourcesBuildPhase section */

/* Begin PBXSourcesBuildPhase section */
		7769918A247825BE00C3FEE7 /* Sources */ = {
			isa = PBXSourcesBuildPhase;
			buildActionMask = 2147483647;
			files = (
				776991B324782F1000C3FEE7 /* ViewController.swift in Sources */,
				776991B62478317800C3FEE7 /* Helpers.swift in Sources */,
				776991AF24782F0100C3FEE7 /* LogInViewController.swift in Sources */,
				77699192247825BE00C3FEE7 /* AppDelegate.swift in Sources */,
				77699194247825BE00C3FEE7 /* SceneDelegate.swift in Sources */,
				776991AD24782EF900C3FEE7 /* HomeViewController.swift in Sources */,
				776991B124782F0A00C3FEE7 /* SignUpViewController.swift in Sources */,
			);
			runOnlyForDeploymentPostprocessing = 0;
		};
/* End PBXSourcesBuildPhase section */

/* Begin PBXVariantGroup section */
		77699197247825BE00C3FEE7 /* Main.storyboard */ = {
			isa = PBXVariantGroup;
			children = (
				77699198247825BE00C3FEE7 /* Base */,
			);
			name = Main.storyboard;
			sourceTree = "<group>";
		};
		7769919C247825BF00C3FEE7 /* LaunchScreen.storyboard */ = {
			isa = PBXVariantGroup;
			children = (
				7769919D247825BF00C3FEE7 /* Base */,
			);
			name = LaunchScreen.storyboard;
			sourceTree = "<group>";
		};
/* End PBXVariantGroup section */

/* Begin XCBuildConfiguration section */
		776991A0247825BF00C3FEE7 /* Debug */ = {
			isa = XCBuildConfiguration;
			buildSettings = {
				ALWAYS_SEARCH_USER_PATHS = NO;
				CLANG_ANALYZER_NONNULL = YES;
				CLANG_ANALYZER_NUMBER_OBJECT_CONVERSION = YES_AGGRESSIVE;
				CLANG_CXX_LANGUAGE_STANDARD = "gnu++14";
				CLANG_CXX_LIBRARY = "libc++";
				CLANG_ENABLE_MODULES = YES;
				CLANG_ENABLE_OBJC_ARC = YES;
				CLANG_ENABLE_OBJC_WEAK = YES;
				CLANG_WARN_BLOCK_CAPTURE_AUTORELEASING = YES;
				CLANG_WARN_BOOL_CONVERSION = YES;
				CLANG_WARN_COMMA = YES;
				CLANG_WARN_CONSTANT_CONVERSION = YES;
				CLANG_WARN_DEPRECATED_OBJC_IMPLEMENTATIONS = YES;
				CLANG_WARN_DIRECT_OBJC_ISA_USAGE = YES_ERROR;
				CLANG_WARN_DOCUMENTATION_COMMENTS = YES;
				CLANG_WARN_EMPTY_BODY = YES;
				CLANG_WARN_ENUM_CONVERSION = YES;
				CLANG_WARN_INFINITE_RECURSION = YES;
				CLANG_WARN_INT_CONVERSION = YES;
				CLANG_WARN_NON_LITERAL_NULL_CONVERSION = YES;
				CLANG_WARN_OBJC_IMPLICIT_RETAIN_SELF = YES;
				CLANG_WARN_OBJC_LITERAL_CONVERSION = YES;
				CLANG_WARN_OBJC_ROOT_CLASS = YES_ERROR;
				CLANG_WARN_RANGE_LOOP_ANALYSIS = YES;
				CLANG_WARN_STRICT_PROTOTYPES = YES;
				CLANG_WARN_SUSPICIOUS_MOVE = YES;
				CLANG_WARN_UNGUARDED_AVAILABILITY = YES_AGGRESSIVE;
				CLANG_WARN_UNREACHABLE_CODE = YES;
				CLANG_WARN__DUPLICATE_METHOD_MATCH = YES;
				COPY_PHASE_STRIP = NO;
				DEBUG_INFORMATION_FORMAT = dwarf;
				ENABLE_STRICT_OBJC_MSGSEND = YES;
				ENABLE_TESTABILITY = YES;
				GCC_C_LANGUAGE_STANDARD = gnu11;
				GCC_DYNAMIC_NO_PIC = NO;
				GCC_NO_COMMON_BLOCKS = YES;
				GCC_OPTIMIZATION_LEVEL = 0;
				GCC_PREPROCESSOR_DEFINITIONS = (
					"DEBUG=1",
					"$(inherited)",
				);
				GCC_WARN_64_TO_32_BIT_CONVERSION = YES;
				GCC_WARN_ABOUT_RETURN_TYPE = YES_ERROR;
				GCC_WARN_UNDECLARED_SELECTOR = YES;
				GCC_WARN_UNINITIALIZED_AUTOS = YES_AGGRESSIVE;
				GCC_WARN_UNUSED_FUNCTION = YES;
				GCC_WARN_UNUSED_VARIABLE = YES;
				IPHONEOS_DEPLOYMENT_TARGET = 13.2;
				MTL_ENABLE_DEBUG_INFO = INCLUDE_SOURCE;
				MTL_FAST_MATH = YES;
				ONLY_ACTIVE_ARCH = YES;
				SDKROOT = iphoneos;
				SWIFT_ACTIVE_COMPILATION_CONDITIONS = DEBUG;
				SWIFT_OPTIMIZATION_LEVEL = "-Onone";
			};
			name = Debug;
		};
		776991A1247825BF00C3FEE7 /* Release */ = {
			isa = XCBuildConfiguration;
			buildSettings = {
				ALWAYS_SEARCH_USER_PATHS = NO;
				CLANG_ANALYZER_NONNULL = YES;
				CLANG_ANALYZER_NUMBER_OBJECT_CONVERSION = YES_AGGRESSIVE;
				CLANG_CXX_LANGUAGE_STANDARD = "gnu++14";
				CLANG_CXX_LIBRARY = "libc++";
				CLANG_ENABLE_MODULES = YES;
				CLANG_ENABLE_OBJC_ARC = YES;
				CLANG_ENABLE_OBJC_WEAK = YES;
				CLANG_WARN_BLOCK_CAPTURE_AUTORELEASING = YES;
				CLANG_WARN_BOOL_CONVERSION = YES;
				CLANG_WARN_COMMA = YES;
				CLANG_WARN_CONSTANT_CONVERSION = YES;
				CLANG_WARN_DEPRECATED_OBJC_IMPLEMENTATIONS = YES;
				CLANG_WARN_DIRECT_OBJC_ISA_USAGE = YES_ERROR;
				CLANG_WARN_DOCUMENTATION_COMMENTS = YES;
				CLANG_WARN_EMPTY_BODY = YES;
				CLANG_WARN_ENUM_CONVERSION = YES;
				CLANG_WARN_INFINITE_RECURSION = YES;
				CLANG_WARN_INT_CONVERSION = YES;
				CLANG_WARN_NON_LITERAL_NULL_CONVERSION = YES;
				CLANG_WARN_OBJC_IMPLICIT_RETAIN_SELF = YES;
				CLANG_WARN_OBJC_LITERAL_CONVERSION = YES;
				CLANG_WARN_OBJC_ROOT_CLASS = YES_ERROR;
				CLANG_WARN_RANGE_LOOP_ANALYSIS = YES;
				CLANG_WARN_STRICT_PROTOTYPES = YES;
				CLANG_WARN_SUSPICIOUS_MOVE = YES;
				CLANG_WARN_UNGUARDED_AVAILABILITY = YES_AGGRESSIVE;
				CLANG_WARN_UNREACHABLE_CODE = YES;
				CLANG_WARN__DUPLICATE_METHOD_MATCH = YES;
				COPY_PHASE_STRIP = NO;
				DEBUG_INFORMATION_FORMAT = "dwarf-with-dsym";
				ENABLE_NS_ASSERTIONS = NO;
				ENABLE_STRICT_OBJC_MSGSEND = YES;
				GCC_C_LANGUAGE_STANDARD = gnu11;
				GCC_NO_COMMON_BLOCKS = YES;
				GCC_WARN_64_TO_32_BIT_CONVERSION = YES;
				GCC_WARN_ABOUT_RETURN_TYPE = YES_ERROR;
				GCC_WARN_UNDECLARED_SELECTOR = YES;
				GCC_WARN_UNINITIALIZED_AUTOS = YES_AGGRESSIVE;
				GCC_WARN_UNUSED_FUNCTION = YES;
				GCC_WARN_UNUSED_VARIABLE = YES;
				IPHONEOS_DEPLOYMENT_TARGET = 13.2;
				MTL_ENABLE_DEBUG_INFO = NO;
				MTL_FAST_MATH = YES;
				SDKROOT = iphoneos;
				SWIFT_COMPILATION_MODE = wholemodule;
				SWIFT_OPTIMIZATION_LEVEL = "-O";
				VALIDATE_PRODUCT = YES;
			};
			name = Release;
		};
		776991A3247825BF00C3FEE7 /* Debug */ = {
			isa = XCBuildConfiguration;
			buildSettings = {
				ASSETCATALOG_COMPILER_APPICON_NAME = AppIcon;
				CODE_SIGN_STYLE = Automatic;
				DEVELOPMENT_TEAM = 722KF83BF3;
				INFOPLIST_FILE = "Direct iOS/Info.plist";
				LD_RUNPATH_SEARCH_PATHS = (
					"$(inherited)",
					"@executable_path/Frameworks",
				);
				PRODUCT_BUNDLE_IDENTIFIER = "com.Apptitude.Direct-iOS";
				PRODUCT_NAME = "$(TARGET_NAME)";
				SWIFT_VERSION = 5.0;
				TARGETED_DEVICE_FAMILY = "1,2";
			};
			name = Debug;
		};
		776991A4247825BF00C3FEE7 /* Release */ = {
			isa = XCBuildConfiguration;
			buildSettings = {
				ASSETCATALOG_COMPILER_APPICON_NAME = AppIcon;
				CODE_SIGN_STYLE = Automatic;
				DEVELOPMENT_TEAM = 722KF83BF3;
				INFOPLIST_FILE = "Direct iOS/Info.plist";
				LD_RUNPATH_SEARCH_PATHS = (
					"$(inherited)",
					"@executable_path/Frameworks",
				);
				PRODUCT_BUNDLE_IDENTIFIER = "com.Apptitude.Direct-iOS";
				PRODUCT_NAME = "$(TARGET_NAME)";
				SWIFT_VERSION = 5.0;
				TARGETED_DEVICE_FAMILY = "1,2";
			};
			name = Release;
		};
/* End XCBuildConfiguration section */

/* Begin XCConfigurationList section */
		77699189247825BE00C3FEE7 /* Build configuration list for PBXProject "Direct iOS" */ = {
			isa = XCConfigurationList;
			buildConfigurations = (
				776991A0247825BF00C3FEE7 /* Debug */,
				776991A1247825BF00C3FEE7 /* Release */,
			);
			defaultConfigurationIsVisible = 0;
			defaultConfigurationName = Release;
		};
		776991A2247825BF00C3FEE7 /* Build configuration list for PBXNativeTarget "Direct iOS" */ = {
			isa = XCConfigurationList;
			buildConfigurations = (
				776991A3247825BF00C3FEE7 /* Debug */,
				776991A4247825BF00C3FEE7 /* Release */,
			);
			defaultConfigurationIsVisible = 0;
			defaultConfigurationName = Release;
		};
/* End XCConfigurationList section */
	};
	rootObject = 77699186247825BE00C3FEE7 /* Project object */;
}
